
Microsoft Visual Studio Solution File, Format Version 12.00
# Visual Studio 15
VisualStudioVersion = 15.0.27004.2009
MinimumVisualStudioVersion = 10.0.40219.1
Project("{FAE04EC0-301F-11D3-BF4B-00C04F79EFBC}") = "NETStandard.Android", "NETStandard\NETStandard.Android\NETStandard.Android.csproj", "{120B7949-971B-4114-B920-6A6C86CC177B}"
EndProject
Project("{FAE04EC0-301F-11D3-BF4B-00C04F79EFBC}") = "NETStandard.iOS", "NETStandard\NETStandard.iOS\NETStandard.iOS.csproj", "{211FBBDF-62F5-47A6-A8CC-26DAE68D16D0}"
EndProject
Project("{9A19103F-16F7-4668-BE54-9A1E7A4F7556}") = "NETStandard.Shared", "NETStandard.Shared\NETStandard.Shared.csproj", "{BFE624F0-DA01-4930-A9B9-C3FB507FBE92}"
EndProject
Project("{FAE04EC0-301F-11D3-BF4B-00C04F79EFBC}") = "NETStandard.API", "NETStandard.API\NETStandard.API.csproj", "{45AC2D01-466D-44B5-8E90-A553648CEE35}"
EndProject
Project("{FAE04EC0-301F-11D3-BF4B-00C04F79EFBC}") = "NETStandard.Repository.Interfaces", "NETStandard.Repository.Interfaces\NETStandard.Repository.Interfaces.csproj", "{E2C1A7E2-17B6-44AC-9F8F-E6D0AA41C695}"
EndProject
Project("{FAE04EC0-301F-11D3-BF4B-00C04F79EFBC}") = "NETStandard.Repository", "NETStandard.Repository\NETStandard.Repository.csproj", "{3B6549E2-6A5F-40B0-9193-EE642FEB38AB}"
EndProject
Project("{FAE04EC0-301F-11D3-BF4B-00C04F79EFBC}") = "NETStandard.Entities", "NETStandard.Entities\NETStandard.Entities.csproj", "{3F8DAC00-EDFB-443C-9130-4858E0EC55DF}"
EndProject
Project("{2150E333-8FDC-42A3-9474-1A3956D46DE8}") = "Targets", "Targets", "{36D7E4F4-BE24-48A4-8A97-E16F3F2ED73B}"
EndProject
Global
	GlobalSection(SolutionConfigurationPlatforms) = preSolution
		Ad-Hoc|Any CPU = Ad-Hoc|Any CPU
		Ad-Hoc|ARM = Ad-Hoc|ARM
		Ad-Hoc|iPhone = Ad-Hoc|iPhone
		Ad-Hoc|iPhoneSimulator = Ad-Hoc|iPhoneSimulator
		Ad-Hoc|x64 = Ad-Hoc|x64
		Ad-Hoc|x86 = Ad-Hoc|x86
		AppStore|Any CPU = AppStore|Any CPU
		AppStore|ARM = AppStore|ARM
		AppStore|iPhone = AppStore|iPhone
		AppStore|iPhoneSimulator = AppStore|iPhoneSimulator
		AppStore|x64 = AppStore|x64
		AppStore|x86 = AppStore|x86
		Debug|Any CPU = Debug|Any CPU
		Debug|ARM = Debug|ARM
		Debug|iPhone = Debug|iPhone
		Debug|iPhoneSimulator = Debug|iPhoneSimulator
		Debug|x64 = Debug|x64
		Debug|x86 = Debug|x86
		Release|Any CPU = Release|Any CPU
		Release|ARM = Release|ARM
		Release|iPhone = Release|iPhone
		Release|iPhoneSimulator = Release|iPhoneSimulator
		Release|x64 = Release|x64
		Release|x86 = Release|x86
	EndGlobalSection
	GlobalSection(ProjectConfigurationPlatforms) = postSolution
		{120B7949-971B-4114-B920-6A6C86CC177B}.Ad-Hoc|Any CPU.ActiveCfg = Release|Any CPU
		{120B7949-971B-4114-B920-6A6C86CC177B}.Ad-Hoc|Any CPU.Build.0 = Release|Any CPU
		{120B7949-971B-4114-B920-6A6C86CC177B}.Ad-Hoc|Any CPU.Deploy.0 = Release|Any CPU
		{120B7949-971B-4114-B920-6A6C86CC177B}.Ad-Hoc|ARM.ActiveCfg = Release|Any CPU
		{120B7949-971B-4114-B920-6A6C86CC177B}.Ad-Hoc|ARM.Build.0 = Release|Any CPU
		{120B7949-971B-4114-B920-6A6C86CC177B}.Ad-Hoc|ARM.Deploy.0 = Release|Any CPU
		{120B7949-971B-4114-B920-6A6C86CC177B}.Ad-Hoc|iPhone.ActiveCfg = Release|Any CPU
		{120B7949-971B-4114-B920-6A6C86CC177B}.Ad-Hoc|iPhone.Build.0 = Release|Any CPU
		{120B7949-971B-4114-B920-6A6C86CC177B}.Ad-Hoc|iPhone.Deploy.0 = Release|Any CPU
		{120B7949-971B-4114-B920-6A6C86CC177B}.Ad-Hoc|iPhoneSimulator.ActiveCfg = Release|Any CPU
		{120B7949-971B-4114-B920-6A6C86CC177B}.Ad-Hoc|iPhoneSimulator.Build.0 = Release|Any CPU
		{120B7949-971B-4114-B920-6A6C86CC177B}.Ad-Hoc|iPhoneSimulator.Deploy.0 = Release|Any CPU
		{120B7949-971B-4114-B920-6A6C86CC177B}.Ad-Hoc|x64.ActiveCfg = Release|Any CPU
		{120B7949-971B-4114-B920-6A6C86CC177B}.Ad-Hoc|x64.Build.0 = Release|Any CPU
		{120B7949-971B-4114-B920-6A6C86CC177B}.Ad-Hoc|x64.Deploy.0 = Release|Any CPU
		{120B7949-971B-4114-B920-6A6C86CC177B}.Ad-Hoc|x86.ActiveCfg = Release|Any CPU
		{120B7949-971B-4114-B920-6A6C86CC177B}.Ad-Hoc|x86.Build.0 = Release|Any CPU
		{120B7949-971B-4114-B920-6A6C86CC177B}.Ad-Hoc|x86.Deploy.0 = Release|Any CPU
		{120B7949-971B-4114-B920-6A6C86CC177B}.AppStore|Any CPU.ActiveCfg = Release|Any CPU
		{120B7949-971B-4114-B920-6A6C86CC177B}.AppStore|Any CPU.Build.0 = Release|Any CPU
		{120B7949-971B-4114-B920-6A6C86CC177B}.AppStore|Any CPU.Deploy.0 = Release|Any CPU
		{120B7949-971B-4114-B920-6A6C86CC177B}.AppStore|ARM.ActiveCfg = Release|Any CPU
		{120B7949-971B-4114-B920-6A6C86CC177B}.AppStore|ARM.Build.0 = Release|Any CPU
		{120B7949-971B-4114-B920-6A6C86CC177B}.AppStore|ARM.Deploy.0 = Release|Any CPU
		{120B7949-971B-4114-B920-6A6C86CC177B}.AppStore|iPhone.ActiveCfg = Release|Any CPU
		{120B7949-971B-4114-B920-6A6C86CC177B}.AppStore|iPhone.Build.0 = Release|Any CPU
		{120B7949-971B-4114-B920-6A6C86CC177B}.AppStore|iPhone.Deploy.0 = Release|Any CPU
		{120B7949-971B-4114-B920-6A6C86CC177B}.AppStore|iPhoneSimulator.ActiveCfg = Release|Any CPU
		{120B7949-971B-4114-B920-6A6C86CC177B}.AppStore|iPhoneSimulator.Build.0 = Release|Any CPU
		{120B7949-971B-4114-B920-6A6C86CC177B}.AppStore|iPhoneSimulator.Deploy.0 = Release|Any CPU
		{120B7949-971B-4114-B920-6A6C86CC177B}.AppStore|x64.ActiveCfg = Release|Any CPU
		{120B7949-971B-4114-B920-6A6C86CC177B}.AppStore|x64.Build.0 = Release|Any CPU
		{120B7949-971B-4114-B920-6A6C86CC177B}.AppStore|x64.Deploy.0 = Release|Any CPU
		{120B7949-971B-4114-B920-6A6C86CC177B}.AppStore|x86.ActiveCfg = Release|Any CPU
		{120B7949-971B-4114-B920-6A6C86CC177B}.AppStore|x86.Build.0 = Release|Any CPU
		{120B7949-971B-4114-B920-6A6C86CC177B}.AppStore|x86.Deploy.0 = Release|Any CPU
		{120B7949-971B-4114-B920-6A6C86CC177B}.Debug|Any CPU.ActiveCfg = Debug|Any CPU
		{120B7949-971B-4114-B920-6A6C86CC177B}.Debug|Any CPU.Build.0 = Debug|Any CPU
		{120B7949-971B-4114-B920-6A6C86CC177B}.Debug|Any CPU.Deploy.0 = Debug|Any CPU
		{120B7949-971B-4114-B920-6A6C86CC177B}.Debug|ARM.ActiveCfg = Debug|Any CPU
		{120B7949-971B-4114-B920-6A6C86CC177B}.Debug|ARM.Build.0 = Debug|Any CPU
		{120B7949-971B-4114-B920-6A6C86CC177B}.Debug|ARM.Deploy.0 = Debug|Any CPU
		{120B7949-971B-4114-B920-6A6C86CC177B}.Debug|iPhone.ActiveCfg = Debug|Any CPU
		{120B7949-971B-4114-B920-6A6C86CC177B}.Debug|iPhone.Build.0 = Debug|Any CPU
		{120B7949-971B-4114-B920-6A6C86CC177B}.Debug|iPhone.Deploy.0 = Debug|Any CPU
		{120B7949-971B-4114-B920-6A6C86CC177B}.Debug|iPhoneSimulator.ActiveCfg = Debug|Any CPU
		{120B7949-971B-4114-B920-6A6C86CC177B}.Debug|iPhoneSimulator.Build.0 = Debug|Any CPU
		{120B7949-971B-4114-B920-6A6C86CC177B}.Debug|iPhoneSimulator.Deploy.0 = Debug|Any CPU
		{120B7949-971B-4114-B920-6A6C86CC177B}.Debug|x64.ActiveCfg = Debug|Any CPU
		{120B7949-971B-4114-B920-6A6C86CC177B}.Debug|x64.Build.0 = Debug|Any CPU
		{120B7949-971B-4114-B920-6A6C86CC177B}.Debug|x64.Deploy.0 = Debug|Any CPU
		{120B7949-971B-4114-B920-6A6C86CC177B}.Debug|x86.ActiveCfg = Debug|Any CPU
		{120B7949-971B-4114-B920-6A6C86CC177B}.Debug|x86.Build.0 = Debug|Any CPU
		{120B7949-971B-4114-B920-6A6C86CC177B}.Debug|x86.Deploy.0 = Debug|Any CPU
		{120B7949-971B-4114-B920-6A6C86CC177B}.Release|Any CPU.ActiveCfg = Release|Any CPU
		{120B7949-971B-4114-B920-6A6C86CC177B}.Release|Any CPU.Build.0 = Release|Any CPU
		{120B7949-971B-4114-B920-6A6C86CC177B}.Release|Any CPU.Deploy.0 = Release|Any CPU
		{120B7949-971B-4114-B920-6A6C86CC177B}.Release|ARM.ActiveCfg = Release|Any CPU
		{120B7949-971B-4114-B920-6A6C86CC177B}.Release|ARM.Build.0 = Release|Any CPU
		{120B7949-971B-4114-B920-6A6C86CC177B}.Release|ARM.Deploy.0 = Release|Any CPU
		{120B7949-971B-4114-B920-6A6C86CC177B}.Release|iPhone.ActiveCfg = Release|Any CPU
		{120B7949-971B-4114-B920-6A6C86CC177B}.Release|iPhone.Build.0 = Release|Any CPU
		{120B7949-971B-4114-B920-6A6C86CC177B}.Release|iPhone.Deploy.0 = Release|Any CPU
		{120B7949-971B-4114-B920-6A6C86CC177B}.Release|iPhoneSimulator.ActiveCfg = Release|Any CPU
		{120B7949-971B-4114-B920-6A6C86CC177B}.Release|iPhoneSimulator.Build.0 = Release|Any CPU
		{120B7949-971B-4114-B920-6A6C86CC177B}.Release|iPhoneSimulator.Deploy.0 = Release|Any CPU
		{120B7949-971B-4114-B920-6A6C86CC177B}.Release|x64.ActiveCfg = Release|Any CPU
		{120B7949-971B-4114-B920-6A6C86CC177B}.Release|x64.Build.0 = Release|Any CPU
		{120B7949-971B-4114-B920-6A6C86CC177B}.Release|x64.Deploy.0 = Release|Any CPU
		{120B7949-971B-4114-B920-6A6C86CC177B}.Release|x86.ActiveCfg = Release|Any CPU
		{120B7949-971B-4114-B920-6A6C86CC177B}.Release|x86.Build.0 = Release|Any CPU
		{120B7949-971B-4114-B920-6A6C86CC177B}.Release|x86.Deploy.0 = Release|Any CPU
		{211FBBDF-62F5-47A6-A8CC-26DAE68D16D0}.Ad-Hoc|Any CPU.ActiveCfg = Ad-Hoc|iPhoneSimulator
		{211FBBDF-62F5-47A6-A8CC-26DAE68D16D0}.Ad-Hoc|ARM.ActiveCfg = Ad-Hoc|iPhone
		{211FBBDF-62F5-47A6-A8CC-26DAE68D16D0}.Ad-Hoc|iPhone.ActiveCfg = Ad-Hoc|iPhone
		{211FBBDF-62F5-47A6-A8CC-26DAE68D16D0}.Ad-Hoc|iPhone.Build.0 = Ad-Hoc|iPhone
		{211FBBDF-62F5-47A6-A8CC-26DAE68D16D0}.Ad-Hoc|iPhoneSimulator.ActiveCfg = Ad-Hoc|iPhoneSimulator
		{211FBBDF-62F5-47A6-A8CC-26DAE68D16D0}.Ad-Hoc|iPhoneSimulator.Build.0 = Ad-Hoc|iPhoneSimulator
		{211FBBDF-62F5-47A6-A8CC-26DAE68D16D0}.Ad-Hoc|x64.ActiveCfg = Ad-Hoc|iPhone
		{211FBBDF-62F5-47A6-A8CC-26DAE68D16D0}.Ad-Hoc|x86.ActiveCfg = Ad-Hoc|iPhone
		{211FBBDF-62F5-47A6-A8CC-26DAE68D16D0}.AppStore|Any CPU.ActiveCfg = AppStore|iPhoneSimulator
		{211FBBDF-62F5-47A6-A8CC-26DAE68D16D0}.AppStore|ARM.ActiveCfg = AppStore|iPhone
		{211FBBDF-62F5-47A6-A8CC-26DAE68D16D0}.AppStore|iPhone.ActiveCfg = AppStore|iPhone
		{211FBBDF-62F5-47A6-A8CC-26DAE68D16D0}.AppStore|iPhone.Build.0 = AppStore|iPhone
		{211FBBDF-62F5-47A6-A8CC-26DAE68D16D0}.AppStore|iPhoneSimulator.ActiveCfg = AppStore|iPhoneSimulator
		{211FBBDF-62F5-47A6-A8CC-26DAE68D16D0}.AppStore|iPhoneSimulator.Build.0 = AppStore|iPhoneSimulator
		{211FBBDF-62F5-47A6-A8CC-26DAE68D16D0}.AppStore|x64.ActiveCfg = AppStore|iPhone
		{211FBBDF-62F5-47A6-A8CC-26DAE68D16D0}.AppStore|x86.ActiveCfg = AppStore|iPhone
		{211FBBDF-62F5-47A6-A8CC-26DAE68D16D0}.Debug|Any CPU.ActiveCfg = Debug|iPhoneSimulator
		{211FBBDF-62F5-47A6-A8CC-26DAE68D16D0}.Debug|ARM.ActiveCfg = Debug|iPhone
		{211FBBDF-62F5-47A6-A8CC-26DAE68D16D0}.Debug|iPhone.ActiveCfg = Debug|iPhone
		{211FBBDF-62F5-47A6-A8CC-26DAE68D16D0}.Debug|iPhone.Build.0 = Debug|iPhone
		{211FBBDF-62F5-47A6-A8CC-26DAE68D16D0}.Debug|iPhoneSimulator.ActiveCfg = Debug|iPhoneSimulator
		{211FBBDF-62F5-47A6-A8CC-26DAE68D16D0}.Debug|iPhoneSimulator.Build.0 = Debug|iPhoneSimulator
		{211FBBDF-62F5-47A6-A8CC-26DAE68D16D0}.Debug|x64.ActiveCfg = Debug|iPhone
		{211FBBDF-62F5-47A6-A8CC-26DAE68D16D0}.Debug|x86.ActiveCfg = Debug|iPhone
		{211FBBDF-62F5-47A6-A8CC-26DAE68D16D0}.Release|Any CPU.ActiveCfg = Release|iPhoneSimulator
		{211FBBDF-62F5-47A6-A8CC-26DAE68D16D0}.Release|ARM.ActiveCfg = Release|iPhone
		{211FBBDF-62F5-47A6-A8CC-26DAE68D16D0}.Release|iPhone.ActiveCfg = Release|iPhone
		{211FBBDF-62F5-47A6-A8CC-26DAE68D16D0}.Release|iPhone.Build.0 = Release|iPhone
		{211FBBDF-62F5-47A6-A8CC-26DAE68D16D0}.Release|iPhoneSimulator.ActiveCfg = Release|iPhoneSimulator
		{211FBBDF-62F5-47A6-A8CC-26DAE68D16D0}.Release|iPhoneSimulator.Build.0 = Release|iPhoneSimulator
		{211FBBDF-62F5-47A6-A8CC-26DAE68D16D0}.Release|x64.ActiveCfg = Release|iPhone
		{211FBBDF-62F5-47A6-A8CC-26DAE68D16D0}.Release|x86.ActiveCfg = Release|iPhone
		{BFE624F0-DA01-4930-A9B9-C3FB507FBE92}.Ad-Hoc|Any CPU.ActiveCfg = Debug|Any CPU
		{BFE624F0-DA01-4930-A9B9-C3FB507FBE92}.Ad-Hoc|Any CPU.Build.0 = Debug|Any CPU
		{BFE624F0-DA01-4930-A9B9-C3FB507FBE92}.Ad-Hoc|ARM.ActiveCfg = Debug|Any CPU
		{BFE624F0-DA01-4930-A9B9-C3FB507FBE92}.Ad-Hoc|ARM.Build.0 = Debug|Any CPU
		{BFE624F0-DA01-4930-A9B9-C3FB507FBE92}.Ad-Hoc|iPhone.ActiveCfg = Debug|Any CPU
		{BFE624F0-DA01-4930-A9B9-C3FB507FBE92}.Ad-Hoc|iPhone.Build.0 = Debug|Any CPU
		{BFE624F0-DA01-4930-A9B9-C3FB507FBE92}.Ad-Hoc|iPhoneSimulator.ActiveCfg = Debug|Any CPU
		{BFE624F0-DA01-4930-A9B9-C3FB507FBE92}.Ad-Hoc|iPhoneSimulator.Build.0 = Debug|Any CPU
		{BFE624F0-DA01-4930-A9B9-C3FB507FBE92}.Ad-Hoc|x64.ActiveCfg = Debug|Any CPU
		{BFE624F0-DA01-4930-A9B9-C3FB507FBE92}.Ad-Hoc|x64.Build.0 = Debug|Any CPU
		{BFE624F0-DA01-4930-A9B9-C3FB507FBE92}.Ad-Hoc|x86.ActiveCfg = Debug|Any CPU
		{BFE624F0-DA01-4930-A9B9-C3FB507FBE92}.Ad-Hoc|x86.Build.0 = Debug|Any CPU
		{BFE624F0-DA01-4930-A9B9-C3FB507FBE92}.AppStore|Any CPU.ActiveCfg = Debug|Any CPU
		{BFE624F0-DA01-4930-A9B9-C3FB507FBE92}.AppStore|Any CPU.Build.0 = Debug|Any CPU
		{BFE624F0-DA01-4930-A9B9-C3FB507FBE92}.AppStore|ARM.ActiveCfg = Debug|Any CPU
		{BFE624F0-DA01-4930-A9B9-C3FB507FBE92}.AppStore|ARM.Build.0 = Debug|Any CPU
		{BFE624F0-DA01-4930-A9B9-C3FB507FBE92}.AppStore|iPhone.ActiveCfg = Debug|Any CPU
		{BFE624F0-DA01-4930-A9B9-C3FB507FBE92}.AppStore|iPhone.Build.0 = Debug|Any CPU
		{BFE624F0-DA01-4930-A9B9-C3FB507FBE92}.AppStore|iPhoneSimulator.ActiveCfg = Debug|Any CPU
		{BFE624F0-DA01-4930-A9B9-C3FB507FBE92}.AppStore|iPhoneSimulator.Build.0 = Debug|Any CPU
		{BFE624F0-DA01-4930-A9B9-C3FB507FBE92}.AppStore|x64.ActiveCfg = Debug|Any CPU
		{BFE624F0-DA01-4930-A9B9-C3FB507FBE92}.AppStore|x64.Build.0 = Debug|Any CPU
		{BFE624F0-DA01-4930-A9B9-C3FB507FBE92}.AppStore|x86.ActiveCfg = Debug|Any CPU
		{BFE624F0-DA01-4930-A9B9-C3FB507FBE92}.AppStore|x86.Build.0 = Debug|Any CPU
		{BFE624F0-DA01-4930-A9B9-C3FB507FBE92}.Debug|Any CPU.ActiveCfg = Debug|Any CPU
		{BFE624F0-DA01-4930-A9B9-C3FB507FBE92}.Debug|Any CPU.Build.0 = Debug|Any CPU
		{BFE624F0-DA01-4930-A9B9-C3FB507FBE92}.Debug|ARM.ActiveCfg = Debug|Any CPU
		{BFE624F0-DA01-4930-A9B9-C3FB507FBE92}.Debug|ARM.Build.0 = Debug|Any CPU
		{BFE624F0-DA01-4930-A9B9-C3FB507FBE92}.Debug|iPhone.ActiveCfg = Debug|Any CPU
		{BFE624F0-DA01-4930-A9B9-C3FB507FBE92}.Debug|iPhone.Build.0 = Debug|Any CPU
		{BFE624F0-DA01-4930-A9B9-C3FB507FBE92}.Debug|iPhoneSimulator.ActiveCfg = Debug|Any CPU
		{BFE624F0-DA01-4930-A9B9-C3FB507FBE92}.Debug|iPhoneSimulator.Build.0 = Debug|Any CPU
		{BFE624F0-DA01-4930-A9B9-C3FB507FBE92}.Debug|x64.ActiveCfg = Debug|Any CPU
		{BFE624F0-DA01-4930-A9B9-C3FB507FBE92}.Debug|x64.Build.0 = Debug|Any CPU
		{BFE624F0-DA01-4930-A9B9-C3FB507FBE92}.Debug|x86.ActiveCfg = Debug|Any CPU
		{BFE624F0-DA01-4930-A9B9-C3FB507FBE92}.Debug|x86.Build.0 = Debug|Any CPU
		{BFE624F0-DA01-4930-A9B9-C3FB507FBE92}.Release|Any CPU.ActiveCfg = Release|Any CPU
		{BFE624F0-DA01-4930-A9B9-C3FB507FBE92}.Release|Any CPU.Build.0 = Release|Any CPU
		{BFE624F0-DA01-4930-A9B9-C3FB507FBE92}.Release|ARM.ActiveCfg = Release|Any CPU
		{BFE624F0-DA01-4930-A9B9-C3FB507FBE92}.Release|ARM.Build.0 = Release|Any CPU
		{BFE624F0-DA01-4930-A9B9-C3FB507FBE92}.Release|iPhone.ActiveCfg = Release|Any CPU
		{BFE624F0-DA01-4930-A9B9-C3FB507FBE92}.Release|iPhone.Build.0 = Release|Any CPU
		{BFE624F0-DA01-4930-A9B9-C3FB507FBE92}.Release|iPhoneSimulator.ActiveCfg = Release|Any CPU
		{BFE624F0-DA01-4930-A9B9-C3FB507FBE92}.Release|iPhoneSimulator.Build.0 = Release|Any CPU
		{BFE624F0-DA01-4930-A9B9-C3FB507FBE92}.Release|x64.ActiveCfg = Release|Any CPU
		{BFE624F0-DA01-4930-A9B9-C3FB507FBE92}.Release|x64.Build.0 = Release|Any CPU
		{BFE624F0-DA01-4930-A9B9-C3FB507FBE92}.Release|x86.ActiveCfg = Release|Any CPU
		{BFE624F0-DA01-4930-A9B9-C3FB507FBE92}.Release|x86.Build.0 = Release|Any CPU
		{45AC2D01-466D-44B5-8E90-A553648CEE35}.Ad-Hoc|Any CPU.ActiveCfg = Debug|Any CPU
		{45AC2D01-466D-44B5-8E90-A553648CEE35}.Ad-Hoc|Any CPU.Build.0 = Debug|Any CPU
		{45AC2D01-466D-44B5-8E90-A553648CEE35}.Ad-Hoc|ARM.ActiveCfg = Debug|Any CPU
		{45AC2D01-466D-44B5-8E90-A553648CEE35}.Ad-Hoc|ARM.Build.0 = Debug|Any CPU
		{45AC2D01-466D-44B5-8E90-A553648CEE35}.Ad-Hoc|iPhone.ActiveCfg = Debug|Any CPU
		{45AC2D01-466D-44B5-8E90-A553648CEE35}.Ad-Hoc|iPhone.Build.0 = Debug|Any CPU
		{45AC2D01-466D-44B5-8E90-A553648CEE35}.Ad-Hoc|iPhoneSimulator.ActiveCfg = Debug|Any CPU
		{45AC2D01-466D-44B5-8E90-A553648CEE35}.Ad-Hoc|iPhoneSimulator.Build.0 = Debug|Any CPU
		{45AC2D01-466D-44B5-8E90-A553648CEE35}.Ad-Hoc|x64.ActiveCfg = Debug|Any CPU
		{45AC2D01-466D-44B5-8E90-A553648CEE35}.Ad-Hoc|x64.Build.0 = Debug|Any CPU
		{45AC2D01-466D-44B5-8E90-A553648CEE35}.Ad-Hoc|x86.ActiveCfg = Debug|Any CPU
		{45AC2D01-466D-44B5-8E90-A553648CEE35}.Ad-Hoc|x86.Build.0 = Debug|Any CPU
		{45AC2D01-466D-44B5-8E90-A553648CEE35}.AppStore|Any CPU.ActiveCfg = Debug|Any CPU
		{45AC2D01-466D-44B5-8E90-A553648CEE35}.AppStore|Any CPU.Build.0 = Debug|Any CPU
		{45AC2D01-466D-44B5-8E90-A553648CEE35}.AppStore|ARM.ActiveCfg = Debug|Any CPU
		{45AC2D01-466D-44B5-8E90-A553648CEE35}.AppStore|ARM.Build.0 = Debug|Any CPU
		{45AC2D01-466D-44B5-8E90-A553648CEE35}.AppStore|iPhone.ActiveCfg = Debug|Any CPU
		{45AC2D01-466D-44B5-8E90-A553648CEE35}.AppStore|iPhone.Build.0 = Debug|Any CPU
		{45AC2D01-466D-44B5-8E90-A553648CEE35}.AppStore|iPhoneSimulator.ActiveCfg = Debug|Any CPU
		{45AC2D01-466D-44B5-8E90-A553648CEE35}.AppStore|iPhoneSimulator.Build.0 = Debug|Any CPU
		{45AC2D01-466D-44B5-8E90-A553648CEE35}.AppStore|x64.ActiveCfg = Debug|Any CPU
		{45AC2D01-466D-44B5-8E90-A553648CEE35}.AppStore|x64.Build.0 = Debug|Any CPU
		{45AC2D01-466D-44B5-8E90-A553648CEE35}.AppStore|x86.ActiveCfg = Debug|Any CPU
		{45AC2D01-466D-44B5-8E90-A553648CEE35}.AppStore|x86.Build.0 = Debug|Any CPU
		{45AC2D01-466D-44B5-8E90-A553648CEE35}.Debug|Any CPU.ActiveCfg = Debug|Any CPU
		{45AC2D01-466D-44B5-8E90-A553648CEE35}.Debug|Any CPU.Build.0 = Debug|Any CPU
		{45AC2D01-466D-44B5-8E90-A553648CEE35}.Debug|ARM.ActiveCfg = Debug|Any CPU
		{45AC2D01-466D-44B5-8E90-A553648CEE35}.Debug|ARM.Build.0 = Debug|Any CPU
		{45AC2D01-466D-44B5-8E90-A553648CEE35}.Debug|iPhone.ActiveCfg = Debug|Any CPU
		{45AC2D01-466D-44B5-8E90-A553648CEE35}.Debug|iPhone.Build.0 = Debug|Any CPU
		{45AC2D01-466D-44B5-8E90-A553648CEE35}.Debug|iPhoneSimulator.ActiveCfg = Debug|Any CPU
		{45AC2D01-466D-44B5-8E90-A553648CEE35}.Debug|iPhoneSimulator.Build.0 = Debug|Any CPU
		{45AC2D01-466D-44B5-8E90-A553648CEE35}.Debug|x64.ActiveCfg = Debug|Any CPU
		{45AC2D01-466D-44B5-8E90-A553648CEE35}.Debug|x64.Build.0 = Debug|Any CPU
		{45AC2D01-466D-44B5-8E90-A553648CEE35}.Debug|x86.ActiveCfg = Debug|Any CPU
		{45AC2D01-466D-44B5-8E90-A553648CEE35}.Debug|x86.Build.0 = Debug|Any CPU
		{45AC2D01-466D-44B5-8E90-A553648CEE35}.Release|Any CPU.ActiveCfg = Release|Any CPU
		{45AC2D01-466D-44B5-8E90-A553648CEE35}.Release|Any CPU.Build.0 = Release|Any CPU
		{45AC2D01-466D-44B5-8E90-A553648CEE35}.Release|ARM.ActiveCfg = Release|Any CPU
		{45AC2D01-466D-44B5-8E90-A553648CEE35}.Release|ARM.Build.0 = Release|Any CPU
		{45AC2D01-466D-44B5-8E90-A553648CEE35}.Release|iPhone.ActiveCfg = Release|Any CPU
		{45AC2D01-466D-44B5-8E90-A553648CEE35}.Release|iPhone.Build.0 = Release|Any CPU
		{45AC2D01-466D-44B5-8E90-A553648CEE35}.Release|iPhoneSimulator.ActiveCfg = Release|Any CPU
		{45AC2D01-466D-44B5-8E90-A553648CEE35}.Release|iPhoneSimulator.Build.0 = Release|Any CPU
		{45AC2D01-466D-44B5-8E90-A553648CEE35}.Release|x64.ActiveCfg = Release|Any CPU
		{45AC2D01-466D-44B5-8E90-A553648CEE35}.Release|x64.Build.0 = Release|Any CPU
		{45AC2D01-466D-44B5-8E90-A553648CEE35}.Release|x86.ActiveCfg = Release|Any CPU
		{45AC2D01-466D-44B5-8E90-A553648CEE35}.Release|x86.Build.0 = Release|Any CPU
		{E2C1A7E2-17B6-44AC-9F8F-E6D0AA41C695}.Ad-Hoc|Any CPU.ActiveCfg = Debug|Any CPU
		{E2C1A7E2-17B6-44AC-9F8F-E6D0AA41C695}.Ad-Hoc|Any CPU.Build.0 = Debug|Any CPU
		{E2C1A7E2-17B6-44AC-9F8F-E6D0AA41C695}.Ad-Hoc|ARM.ActiveCfg = Debug|Any CPU
		{E2C1A7E2-17B6-44AC-9F8F-E6D0AA41C695}.Ad-Hoc|ARM.Build.0 = Debug|Any CPU
		{E2C1A7E2-17B6-44AC-9F8F-E6D0AA41C695}.Ad-Hoc|iPhone.ActiveCfg = Debug|Any CPU
		{E2C1A7E2-17B6-44AC-9F8F-E6D0AA41C695}.Ad-Hoc|iPhone.Build.0 = Debug|Any CPU
		{E2C1A7E2-17B6-44AC-9F8F-E6D0AA41C695}.Ad-Hoc|iPhoneSimulator.ActiveCfg = Debug|Any CPU
		{E2C1A7E2-17B6-44AC-9F8F-E6D0AA41C695}.Ad-Hoc|iPhoneSimulator.Build.0 = Debug|Any CPU
		{E2C1A7E2-17B6-44AC-9F8F-E6D0AA41C695}.Ad-Hoc|x64.ActiveCfg = Debug|Any CPU
		{E2C1A7E2-17B6-44AC-9F8F-E6D0AA41C695}.Ad-Hoc|x64.Build.0 = Debug|Any CPU
		{E2C1A7E2-17B6-44AC-9F8F-E6D0AA41C695}.Ad-Hoc|x86.ActiveCfg = Debug|Any CPU
		{E2C1A7E2-17B6-44AC-9F8F-E6D0AA41C695}.Ad-Hoc|x86.Build.0 = Debug|Any CPU
		{E2C1A7E2-17B6-44AC-9F8F-E6D0AA41C695}.AppStore|Any CPU.ActiveCfg = Debug|Any CPU
		{E2C1A7E2-17B6-44AC-9F8F-E6D0AA41C695}.AppStore|Any CPU.Build.0 = Debug|Any CPU
		{E2C1A7E2-17B6-44AC-9F8F-E6D0AA41C695}.AppStore|ARM.ActiveCfg = Debug|Any CPU
		{E2C1A7E2-17B6-44AC-9F8F-E6D0AA41C695}.AppStore|ARM.Build.0 = Debug|Any CPU
		{E2C1A7E2-17B6-44AC-9F8F-E6D0AA41C695}.AppStore|iPhone.ActiveCfg = Debug|Any CPU
		{E2C1A7E2-17B6-44AC-9F8F-E6D0AA41C695}.AppStore|iPhone.Build.0 = Debug|Any CPU
		{E2C1A7E2-17B6-44AC-9F8F-E6D0AA41C695}.AppStore|iPhoneSimulator.ActiveCfg = Debug|Any CPU
		{E2C1A7E2-17B6-44AC-9F8F-E6D0AA41C695}.AppStore|iPhoneSimulator.Build.0 = Debug|Any CPU
		{E2C1A7E2-17B6-44AC-9F8F-E6D0AA41C695}.AppStore|x64.ActiveCfg = Debug|Any CPU
		{E2C1A7E2-17B6-44AC-9F8F-E6D0AA41C695}.AppStore|x64.Build.0 = Debug|Any CPU
		{E2C1A7E2-17B6-44AC-9F8F-E6D0AA41C695}.AppStore|x86.ActiveCfg = Debug|Any CPU
		{E2C1A7E2-17B6-44AC-9F8F-E6D0AA41C695}.AppStore|x86.Build.0 = Debug|Any CPU
		{E2C1A7E2-17B6-44AC-9F8F-E6D0AA41C695}.Debug|Any CPU.ActiveCfg = Debug|Any CPU
		{E2C1A7E2-17B6-44AC-9F8F-E6D0AA41C695}.Debug|Any CPU.Build.0 = Debug|Any CPU
		{E2C1A7E2-17B6-44AC-9F8F-E6D0AA41C695}.Debug|ARM.ActiveCfg = Debug|Any CPU
		{E2C1A7E2-17B6-44AC-9F8F-E6D0AA41C695}.Debug|ARM.Build.0 = Debug|Any CPU
		{E2C1A7E2-17B6-44AC-9F8F-E6D0AA41C695}.Debug|iPhone.ActiveCfg = Debug|Any CPU
		{E2C1A7E2-17B6-44AC-9F8F-E6D0AA41C695}.Debug|iPhone.Build.0 = Debug|Any CPU
		{E2C1A7E2-17B6-44AC-9F8F-E6D0AA41C695}.Debug|iPhoneSimulator.ActiveCfg = Debug|Any CPU
		{E2C1A7E2-17B6-44AC-9F8F-E6D0AA41C695}.Debug|iPhoneSimulator.Build.0 = Debug|Any CPU
		{E2C1A7E2-17B6-44AC-9F8F-E6D0AA41C695}.Debug|x64.ActiveCfg = Debug|Any CPU
		{E2C1A7E2-17B6-44AC-9F8F-E6D0AA41C695}.Debug|x64.Build.0 = Debug|Any CPU
		{E2C1A7E2-17B6-44AC-9F8F-E6D0AA41C695}.Debug|x86.ActiveCfg = Debug|Any CPU
		{E2C1A7E2-17B6-44AC-9F8F-E6D0AA41C695}.Debug|x86.Build.0 = Debug|Any CPU
		{E2C1A7E2-17B6-44AC-9F8F-E6D0AA41C695}.Release|Any CPU.ActiveCfg = Release|Any CPU
		{E2C1A7E2-17B6-44AC-9F8F-E6D0AA41C695}.Release|Any CPU.Build.0 = Release|Any CPU
		{E2C1A7E2-17B6-44AC-9F8F-E6D0AA41C695}.Release|ARM.ActiveCfg = Release|Any CPU
		{E2C1A7E2-17B6-44AC-9F8F-E6D0AA41C695}.Release|ARM.Build.0 = Release|Any CPU
		{E2C1A7E2-17B6-44AC-9F8F-E6D0AA41C695}.Release|iPhone.ActiveCfg = Release|Any CPU
		{E2C1A7E2-17B6-44AC-9F8F-E6D0AA41C695}.Release|iPhone.Build.0 = Release|Any CPU
		{E2C1A7E2-17B6-44AC-9F8F-E6D0AA41C695}.Release|iPhoneSimulator.ActiveCfg = Release|Any CPU
		{E2C1A7E2-17B6-44AC-9F8F-E6D0AA41C695}.Release|iPhoneSimulator.Build.0 = Release|Any CPU
		{E2C1A7E2-17B6-44AC-9F8F-E6D0AA41C695}.Release|x64.ActiveCfg = Release|Any CPU
		{E2C1A7E2-17B6-44AC-9F8F-E6D0AA41C695}.Release|x64.Build.0 = Release|Any CPU
		{E2C1A7E2-17B6-44AC-9F8F-E6D0AA41C695}.Release|x86.ActiveCfg = Release|Any CPU
		{E2C1A7E2-17B6-44AC-9F8F-E6D0AA41C695}.Release|x86.Build.0 = Release|Any CPU
		{3B6549E2-6A5F-40B0-9193-EE642FEB38AB}.Ad-Hoc|Any CPU.ActiveCfg = Debug|Any CPU
		{3B6549E2-6A5F-40B0-9193-EE642FEB38AB}.Ad-Hoc|Any CPU.Build.0 = Debug|Any CPU
		{3B6549E2-6A5F-40B0-9193-EE642FEB38AB}.Ad-Hoc|ARM.ActiveCfg = Debug|Any CPU
		{3B6549E2-6A5F-40B0-9193-EE642FEB38AB}.Ad-Hoc|ARM.Build.0 = Debug|Any CPU
		{3B6549E2-6A5F-40B0-9193-EE642FEB38AB}.Ad-Hoc|iPhone.ActiveCfg = Debug|Any CPU
		{3B6549E2-6A5F-40B0-9193-EE642FEB38AB}.Ad-Hoc|iPhone.Build.0 = Debug|Any CPU
		{3B6549E2-6A5F-40B0-9193-EE642FEB38AB}.Ad-Hoc|iPhoneSimulator.ActiveCfg = Debug|Any CPU
		{3B6549E2-6A5F-40B0-9193-EE642FEB38AB}.Ad-Hoc|iPhoneSimulator.Build.0 = Debug|Any CPU
		{3B6549E2-6A5F-40B0-9193-EE642FEB38AB}.Ad-Hoc|x64.ActiveCfg = Debug|Any CPU
		{3B6549E2-6A5F-40B0-9193-EE642FEB38AB}.Ad-Hoc|x64.Build.0 = Debug|Any CPU
		{3B6549E2-6A5F-40B0-9193-EE642FEB38AB}.Ad-Hoc|x86.ActiveCfg = Debug|Any CPU
		{3B6549E2-6A5F-40B0-9193-EE642FEB38AB}.Ad-Hoc|x86.Build.0 = Debug|Any CPU
		{3B6549E2-6A5F-40B0-9193-EE642FEB38AB}.AppStore|Any CPU.ActiveCfg = Debug|Any CPU
		{3B6549E2-6A5F-40B0-9193-EE642FEB38AB}.AppStore|Any CPU.Build.0 = Debug|Any CPU
		{3B6549E2-6A5F-40B0-9193-EE642FEB38AB}.AppStore|ARM.ActiveCfg = Debug|Any CPU
		{3B6549E2-6A5F-40B0-9193-EE642FEB38AB}.AppStore|ARM.Build.0 = Debug|Any CPU
		{3B6549E2-6A5F-40B0-9193-EE642FEB38AB}.AppStore|iPhone.ActiveCfg = Debug|Any CPU
		{3B6549E2-6A5F-40B0-9193-EE642FEB38AB}.AppStore|iPhone.Build.0 = Debug|Any CPU
		{3B6549E2-6A5F-40B0-9193-EE642FEB38AB}.AppStore|iPhoneSimulator.ActiveCfg = Debug|Any CPU
		{3B6549E2-6A5F-40B0-9193-EE642FEB38AB}.AppStore|iPhoneSimulator.Build.0 = Debug|Any CPU
		{3B6549E2-6A5F-40B0-9193-EE642FEB38AB}.AppStore|x64.ActiveCfg = Debug|Any CPU
		{3B6549E2-6A5F-40B0-9193-EE642FEB38AB}.AppStore|x64.Build.0 = Debug|Any CPU
		{3B6549E2-6A5F-40B0-9193-EE642FEB38AB}.AppStore|x86.ActiveCfg = Debug|Any CPU
		{3B6549E2-6A5F-40B0-9193-EE642FEB38AB}.AppStore|x86.Build.0 = Debug|Any CPU
		{3B6549E2-6A5F-40B0-9193-EE642FEB38AB}.Debug|Any CPU.ActiveCfg = Debug|Any CPU
		{3B6549E2-6A5F-40B0-9193-EE642FEB38AB}.Debug|Any CPU.Build.0 = Debug|Any CPU
		{3B6549E2-6A5F-40B0-9193-EE642FEB38AB}.Debug|ARM.ActiveCfg = Debug|Any CPU
		{3B6549E2-6A5F-40B0-9193-EE642FEB38AB}.Debug|ARM.Build.0 = Debug|Any CPU
		{3B6549E2-6A5F-40B0-9193-EE642FEB38AB}.Debug|iPhone.ActiveCfg = Debug|Any CPU
		{3B6549E2-6A5F-40B0-9193-EE642FEB38AB}.Debug|iPhone.Build.0 = Debug|Any CPU
		{3B6549E2-6A5F-40B0-9193-EE642FEB38AB}.Debug|iPhoneSimulator.ActiveCfg = Debug|Any CPU
		{3B6549E2-6A5F-40B0-9193-EE642FEB38AB}.Debug|iPhoneSimulator.Build.0 = Debug|Any CPU
		{3B6549E2-6A5F-40B0-9193-EE642FEB38AB}.Debug|x64.ActiveCfg = Debug|Any CPU
		{3B6549E2-6A5F-40B0-9193-EE642FEB38AB}.Debug|x64.Build.0 = Debug|Any CPU
		{3B6549E2-6A5F-40B0-9193-EE642FEB38AB}.Debug|x86.ActiveCfg = Debug|Any CPU
		{3B6549E2-6A5F-40B0-9193-EE642FEB38AB}.Debug|x86.Build.0 = Debug|Any CPU
		{3B6549E2-6A5F-40B0-9193-EE642FEB38AB}.Release|Any CPU.ActiveCfg = Release|Any CPU
		{3B6549E2-6A5F-40B0-9193-EE642FEB38AB}.Release|Any CPU.Build.0 = Release|Any CPU
		{3B6549E2-6A5F-40B0-9193-EE642FEB38AB}.Release|ARM.ActiveCfg = Release|Any CPU
		{3B6549E2-6A5F-40B0-9193-EE642FEB38AB}.Release|ARM.Build.0 = Release|Any CPU
		{3B6549E2-6A5F-40B0-9193-EE642FEB38AB}.Release|iPhone.ActiveCfg = Release|Any CPU
		{3B6549E2-6A5F-40B0-9193-EE642FEB38AB}.Release|iPhone.Build.0 = Release|Any CPU
		{3B6549E2-6A5F-40B0-9193-EE642FEB38AB}.Release|iPhoneSimulator.ActiveCfg = Release|Any CPU
		{3B6549E2-6A5F-40B0-9193-EE642FEB38AB}.Release|iPhoneSimulator.Build.0 = Release|Any CPU
		{3B6549E2-6A5F-40B0-9193-EE642FEB38AB}.Release|x64.ActiveCfg = Release|Any CPU
		{3B6549E2-6A5F-40B0-9193-EE642FEB38AB}.Release|x64.Build.0 = Release|Any CPU
		{3B6549E2-6A5F-40B0-9193-EE642FEB38AB}.Release|x86.ActiveCfg = Release|Any CPU
		{3B6549E2-6A5F-40B0-9193-EE642FEB38AB}.Release|x86.Build.0 = Release|Any CPU
		{3F8DAC00-EDFB-443C-9130-4858E0EC55DF}.Ad-Hoc|Any CPU.ActiveCfg = Debug|Any CPU
		{3F8DAC00-EDFB-443C-9130-4858E0EC55DF}.Ad-Hoc|Any CPU.Build.0 = Debug|Any CPU
		{3F8DAC00-EDFB-443C-9130-4858E0EC55DF}.Ad-Hoc|ARM.ActiveCfg = Debug|Any CPU
		{3F8DAC00-EDFB-443C-9130-4858E0EC55DF}.Ad-Hoc|ARM.Build.0 = Debug|Any CPU
		{3F8DAC00-EDFB-443C-9130-4858E0EC55DF}.Ad-Hoc|iPhone.ActiveCfg = Debug|Any CPU
		{3F8DAC00-EDFB-443C-9130-4858E0EC55DF}.Ad-Hoc|iPhone.Build.0 = Debug|Any CPU
		{3F8DAC00-EDFB-443C-9130-4858E0EC55DF}.Ad-Hoc|iPhoneSimulator.ActiveCfg = Debug|Any CPU
		{3F8DAC00-EDFB-443C-9130-4858E0EC55DF}.Ad-Hoc|iPhoneSimulator.Build.0 = Debug|Any CPU
		{3F8DAC00-EDFB-443C-9130-4858E0EC55DF}.Ad-Hoc|x64.ActiveCfg = Debug|Any CPU
		{3F8DAC00-EDFB-443C-9130-4858E0EC55DF}.Ad-Hoc|x64.Build.0 = Debug|Any CPU
		{3F8DAC00-EDFB-443C-9130-4858E0EC55DF}.Ad-Hoc|x86.ActiveCfg = Debug|Any CPU
		{3F8DAC00-EDFB-443C-9130-4858E0EC55DF}.Ad-Hoc|x86.Build.0 = Debug|Any CPU
		{3F8DAC00-EDFB-443C-9130-4858E0EC55DF}.AppStore|Any CPU.ActiveCfg = Debug|Any CPU
		{3F8DAC00-EDFB-443C-9130-4858E0EC55DF}.AppStore|Any CPU.Build.0 = Debug|Any CPU
		{3F8DAC00-EDFB-443C-9130-4858E0EC55DF}.AppStore|ARM.ActiveCfg = Debug|Any CPU
		{3F8DAC00-EDFB-443C-9130-4858E0EC55DF}.AppStore|ARM.Build.0 = Debug|Any CPU
		{3F8DAC00-EDFB-443C-9130-4858E0EC55DF}.AppStore|iPhone.ActiveCfg = Debug|Any CPU
		{3F8DAC00-EDFB-443C-9130-4858E0EC55DF}.AppStore|iPhone.Build.0 = Debug|Any CPU
		{3F8DAC00-EDFB-443C-9130-4858E0EC55DF}.AppStore|iPhoneSimulator.ActiveCfg = Debug|Any CPU
		{3F8DAC00-EDFB-443C-9130-4858E0EC55DF}.AppStore|iPhoneSimulator.Build.0 = Debug|Any CPU
		{3F8DAC00-EDFB-443C-9130-4858E0EC55DF}.AppStore|x64.ActiveCfg = Debug|Any CPU
		{3F8DAC00-EDFB-443C-9130-4858E0EC55DF}.AppStore|x64.Build.0 = Debug|Any CPU
		{3F8DAC00-EDFB-443C-9130-4858E0EC55DF}.AppStore|x86.ActiveCfg = Debug|Any CPU
		{3F8DAC00-EDFB-443C-9130-4858E0EC55DF}.AppStore|x86.Build.0 = Debug|Any CPU
		{3F8DAC00-EDFB-443C-9130-4858E0EC55DF}.Debug|Any CPU.ActiveCfg = Debug|Any CPU
		{3F8DAC00-EDFB-443C-9130-4858E0EC55DF}.Debug|Any CPU.Build.0 = Debug|Any CPU
		{3F8DAC00-EDFB-443C-9130-4858E0EC55DF}.Debug|ARM.ActiveCfg = Debug|Any CPU
		{3F8DAC00-EDFB-443C-9130-4858E0EC55DF}.Debug|ARM.Build.0 = Debug|Any CPU
		{3F8DAC00-EDFB-443C-9130-4858E0EC55DF}.Debug|iPhone.ActiveCfg = Debug|Any CPU
		{3F8DAC00-EDFB-443C-9130-4858E0EC55DF}.Debug|iPhone.Build.0 = Debug|Any CPU
		{3F8DAC00-EDFB-443C-9130-4858E0EC55DF}.Debug|iPhoneSimulator.ActiveCfg = Debug|Any CPU
		{3F8DAC00-EDFB-443C-9130-4858E0EC55DF}.Debug|iPhoneSimulator.Build.0 = Debug|Any CPU
		{3F8DAC00-EDFB-443C-9130-4858E0EC55DF}.Debug|x64.ActiveCfg = Debug|Any CPU
		{3F8DAC00-EDFB-443C-9130-4858E0EC55DF}.Debug|x64.Build.0 = Debug|Any CPU
		{3F8DAC00-EDFB-443C-9130-4858E0EC55DF}.Debug|x86.ActiveCfg = Debug|Any CPU
		{3F8DAC00-EDFB-443C-9130-4858E0EC55DF}.Debug|x86.Build.0 = Debug|Any CPU
		{3F8DAC00-EDFB-443C-9130-4858E0EC55DF}.Release|Any CPU.ActiveCfg = Release|Any CPU
		{3F8DAC00-EDFB-443C-9130-4858E0EC55DF}.Release|Any CPU.Build.0 = Release|Any CPU
		{3F8DAC00-EDFB-443C-9130-4858E0EC55DF}.Release|ARM.ActiveCfg = Release|Any CPU
		{3F8DAC00-EDFB-443C-9130-4858E0EC55DF}.Release|ARM.Build.0 = Release|Any CPU
		{3F8DAC00-EDFB-443C-9130-4858E0EC55DF}.Release|iPhone.ActiveCfg = Release|Any CPU
		{3F8DAC00-EDFB-443C-9130-4858E0EC55DF}.Release|iPhone.Build.0 = Release|Any CPU
		{3F8DAC00-EDFB-443C-9130-4858E0EC55DF}.Release|iPhoneSimulator.ActiveCfg = Release|Any CPU
		{3F8DAC00-EDFB-443C-9130-4858E0EC55DF}.Release|iPhoneSimulator.Build.0 = Release|Any CPU
		{3F8DAC00-EDFB-443C-9130-4858E0EC55DF}.Release|x64.ActiveCfg = Release|Any CPU
		{3F8DAC00-EDFB-443C-9130-4858E0EC55DF}.Release|x64.Build.0 = Release|Any CPU
		{3F8DAC00-EDFB-443C-9130-4858E0EC55DF}.Release|x86.ActiveCfg = Release|Any CPU
		{3F8DAC00-EDFB-443C-9130-4858E0EC55DF}.Release|x86.Build.0 = Release|Any CPU
	EndGlobalSection
	GlobalSection(SolutionProperties) = preSolution
		HideSolutionNode = FALSE
	EndGlobalSection
	GlobalSection(NestedProjects) = preSolution
		{120B7949-971B-4114-B920-6A6C86CC177B} = {36D7E4F4-BE24-48A4-8A97-E16F3F2ED73B}
		{211FBBDF-62F5-47A6-A8CC-26DAE68D16D0} = {36D7E4F4-BE24-48A4-8A97-E16F3F2ED73B}
	EndGlobalSection
	GlobalSection(ExtensibilityGlobals) = postSolution
		SolutionGuid = {42C13DB0-D031-4C2F-805C-845F5E55F5D9}
	EndGlobalSection
EndGlobal
