
Microsoft Visual Studio Solution File, Format Version 12.00
# Visual Studio 15
VisualStudioVersion = 15.0.27004.2009
MinimumVisualStudioVersion = 10.0.40219.1
Project("{FAE04EC0-301F-11D3-BF4B-00C04F79EFBC}") = "NETStandard.Android", "NETStandard\NETStandard.Android\NETStandard.Android.csproj", "{120B7949-971B-4114-B920-6A6C86CC177B}"
EndProject
Project("{FAE04EC0-301F-11D3-BF4B-00C04F79EFBC}") = "NETStandard.iOS", "NETStandard\NETStandard.iOS\NETStandard.iOS.csproj", "{211FBBDF-62F5-47A6-A8CC-26DAE68D16D0}"
EndProject
Project("{2150E333-8FDC-42A3-9474-1A3956D46DE8}") = "Targets", "Targets", "{36D7E4F4-BE24-48A4-8A97-E16F3F2ED73B}"
EndProject
Project("{9A19103F-16F7-4668-BE54-9A1E7A4F7556}") = "NETStandard.Standard", "NETStandard.Standard\NETStandard.Standard.csproj", "{7F5351DC-556F-4913-8B5C-78BDF998A950}"
EndProject
Global
	GlobalSection(SolutionConfigurationPlatforms) = preSolution
		Ad-Hoc|Any CPU = Ad-Hoc|Any CPU
		Ad-Hoc|ARM = Ad-Hoc|ARM
		Ad-Hoc|iPhone = Ad-Hoc|iPhone
		Ad-Hoc|iPhoneSimulator = Ad-Hoc|iPhoneSimulator
		Ad-Hoc|x64 = Ad-Hoc|x64
		Ad-Hoc|x86 = Ad-Hoc|x86
		AppStore|Any CPU = AppStore|Any CPU
		AppStore|ARM = AppStore|ARM
		AppStore|iPhone = AppStore|iPhone
		AppStore|iPhoneSimulator = AppStore|iPhoneSimulator
		AppStore|x64 = AppStore|x64
		AppStore|x86 = AppStore|x86
		Debug|Any CPU = Debug|Any CPU
		Debug|ARM = Debug|ARM
		Debug|iPhone = Debug|iPhone
		Debug|iPhoneSimulator = Debug|iPhoneSimulator
		Debug|x64 = Debug|x64
		Debug|x86 = Debug|x86
		Release|Any CPU = Release|Any CPU
		Release|ARM = Release|ARM
		Release|iPhone = Release|iPhone
		Release|iPhoneSimulator = Release|iPhoneSimulator
		Release|x64 = Release|x64
		Release|x86 = Release|x86
	EndGlobalSection
	GlobalSection(ProjectConfigurationPlatforms) = postSolution
		{120B7949-971B-4114-B920-6A6C86CC177B}.Ad-Hoc|Any CPU.ActiveCfg = Release|Any CPU
		{120B7949-971B-4114-B920-6A6C86CC177B}.Ad-Hoc|Any CPU.Build.0 = Release|Any CPU
		{120B7949-971B-4114-B920-6A6C86CC177B}.Ad-Hoc|Any CPU.Deploy.0 = Release|Any CPU
		{120B7949-971B-4114-B920-6A6C86CC177B}.Ad-Hoc|ARM.ActiveCfg = Release|Any CPU
		{120B7949-971B-4114-B920-6A6C86CC177B}.Ad-Hoc|ARM.Build.0 = Release|Any CPU
		{120B7949-971B-4114-B920-6A6C86CC177B}.Ad-Hoc|ARM.Deploy.0 = Release|Any CPU
		{120B7949-971B-4114-B920-6A6C86CC177B}.Ad-Hoc|iPhone.ActiveCfg = Release|Any CPU
		{120B7949-971B-4114-B920-6A6C86CC177B}.Ad-Hoc|iPhone.Build.0 = Release|Any CPU
		{120B7949-971B-4114-B920-6A6C86CC177B}.Ad-Hoc|iPhone.Deploy.0 = Release|Any CPU
		{120B7949-971B-4114-B920-6A6C86CC177B}.Ad-Hoc|iPhoneSimulator.ActiveCfg = Release|Any CPU
		{120B7949-971B-4114-B920-6A6C86CC177B}.Ad-Hoc|iPhoneSimulator.Build.0 = Release|Any CPU
		{120B7949-971B-4114-B920-6A6C86CC177B}.Ad-Hoc|iPhoneSimulator.Deploy.0 = Release|Any CPU
		{120B7949-971B-4114-B920-6A6C86CC177B}.Ad-Hoc|x64.ActiveCfg = Release|Any CPU
		{120B7949-971B-4114-B920-6A6C86CC177B}.Ad-Hoc|x64.Build.0 = Release|Any CPU
		{120B7949-971B-4114-B920-6A6C86CC177B}.Ad-Hoc|x64.Deploy.0 = Release|Any CPU
		{120B7949-971B-4114-B920-6A6C86CC177B}.Ad-Hoc|x86.ActiveCfg = Release|Any CPU
		{120B7949-971B-4114-B920-6A6C86CC177B}.Ad-Hoc|x86.Build.0 = Release|Any CPU
		{120B7949-971B-4114-B920-6A6C86CC177B}.Ad-Hoc|x86.Deploy.0 = Release|Any CPU
		{120B7949-971B-4114-B920-6A6C86CC177B}.AppStore|Any CPU.ActiveCfg = Release|Any CPU
		{120B7949-971B-4114-B920-6A6C86CC177B}.AppStore|Any CPU.Build.0 = Release|Any CPU
		{120B7949-971B-4114-B920-6A6C86CC177B}.AppStore|Any CPU.Deploy.0 = Release|Any CPU
		{120B7949-971B-4114-B920-6A6C86CC177B}.AppStore|ARM.ActiveCfg = Release|Any CPU
		{120B7949-971B-4114-B920-6A6C86CC177B}.AppStore|ARM.Build.0 = Release|Any CPU
		{120B7949-971B-4114-B920-6A6C86CC177B}.AppStore|ARM.Deploy.0 = Release|Any CPU
		{120B7949-971B-4114-B920-6A6C86CC177B}.AppStore|iPhone.ActiveCfg = Release|Any CPU
		{120B7949-971B-4114-B920-6A6C86CC177B}.AppStore|iPhone.Build.0 = Release|Any CPU
		{120B7949-971B-4114-B920-6A6C86CC177B}.AppStore|iPhone.Deploy.0 = Release|Any CPU
		{120B7949-971B-4114-B920-6A6C86CC177B}.AppStore|iPhoneSimulator.ActiveCfg = Release|Any CPU
		{120B7949-971B-4114-B920-6A6C86CC177B}.AppStore|iPhoneSimulator.Build.0 = Release|Any CPU
		{120B7949-971B-4114-B920-6A6C86CC177B}.AppStore|iPhoneSimulator.Deploy.0 = Release|Any CPU
		{120B7949-971B-4114-B920-6A6C86CC177B}.AppStore|x64.ActiveCfg = Release|Any CPU
		{120B7949-971B-4114-B920-6A6C86CC177B}.AppStore|x64.Build.0 = Release|Any CPU
		{120B7949-971B-4114-B920-6A6C86CC177B}.AppStore|x64.Deploy.0 = Release|Any CPU
		{120B7949-971B-4114-B920-6A6C86CC177B}.AppStore|x86.ActiveCfg = Release|Any CPU
		{120B7949-971B-4114-B920-6A6C86CC177B}.AppStore|x86.Build.0 = Release|Any CPU
		{120B7949-971B-4114-B920-6A6C86CC177B}.AppStore|x86.Deploy.0 = Release|Any CPU
		{120B7949-971B-4114-B920-6A6C86CC177B}.Debug|Any CPU.ActiveCfg = Debug|Any CPU
		{120B7949-971B-4114-B920-6A6C86CC177B}.Debug|Any CPU.Build.0 = Debug|Any CPU
		{120B7949-971B-4114-B920-6A6C86CC177B}.Debug|Any CPU.Deploy.0 = Debug|Any CPU
		{120B7949-971B-4114-B920-6A6C86CC177B}.Debug|ARM.ActiveCfg = Debug|Any CPU
		{120B7949-971B-4114-B920-6A6C86CC177B}.Debug|ARM.Build.0 = Debug|Any CPU
		{120B7949-971B-4114-B920-6A6C86CC177B}.Debug|ARM.Deploy.0 = Debug|Any CPU
		{120B7949-971B-4114-B920-6A6C86CC177B}.Debug|iPhone.ActiveCfg = Debug|Any CPU
		{120B7949-971B-4114-B920-6A6C86CC177B}.Debug|iPhone.Build.0 = Debug|Any CPU
		{120B7949-971B-4114-B920-6A6C86CC177B}.Debug|iPhone.Deploy.0 = Debug|Any CPU
		{120B7949-971B-4114-B920-6A6C86CC177B}.Debug|iPhoneSimulator.ActiveCfg = Debug|Any CPU
		{120B7949-971B-4114-B920-6A6C86CC177B}.Debug|iPhoneSimulator.Build.0 = Debug|Any CPU
		{120B7949-971B-4114-B920-6A6C86CC177B}.Debug|iPhoneSimulator.Deploy.0 = Debug|Any CPU
		{120B7949-971B-4114-B920-6A6C86CC177B}.Debug|x64.ActiveCfg = Debug|Any CPU
		{120B7949-971B-4114-B920-6A6C86CC177B}.Debug|x64.Build.0 = Debug|Any CPU
		{120B7949-971B-4114-B920-6A6C86CC177B}.Debug|x64.Deploy.0 = Debug|Any CPU
		{120B7949-971B-4114-B920-6A6C86CC177B}.Debug|x86.ActiveCfg = Debug|Any CPU
		{120B7949-971B-4114-B920-6A6C86CC177B}.Debug|x86.Build.0 = Debug|Any CPU
		{120B7949-971B-4114-B920-6A6C86CC177B}.Debug|x86.Deploy.0 = Debug|Any CPU
		{120B7949-971B-4114-B920-6A6C86CC177B}.Release|Any CPU.ActiveCfg = Release|Any CPU
		{120B7949-971B-4114-B920-6A6C86CC177B}.Release|Any CPU.Build.0 = Release|Any CPU
		{120B7949-971B-4114-B920-6A6C86CC177B}.Release|Any CPU.Deploy.0 = Release|Any CPU
		{120B7949-971B-4114-B920-6A6C86CC177B}.Release|ARM.ActiveCfg = Release|Any CPU
		{120B7949-971B-4114-B920-6A6C86CC177B}.Release|ARM.Build.0 = Release|Any CPU
		{120B7949-971B-4114-B920-6A6C86CC177B}.Release|ARM.Deploy.0 = Release|Any CPU
		{120B7949-971B-4114-B920-6A6C86CC177B}.Release|iPhone.ActiveCfg = Release|Any CPU
		{120B7949-971B-4114-B920-6A6C86CC177B}.Release|iPhone.Build.0 = Release|Any CPU
		{120B7949-971B-4114-B920-6A6C86CC177B}.Release|iPhone.Deploy.0 = Release|Any CPU
		{120B7949-971B-4114-B920-6A6C86CC177B}.Release|iPhoneSimulator.ActiveCfg = Release|Any CPU
		{120B7949-971B-4114-B920-6A6C86CC177B}.Release|iPhoneSimulator.Build.0 = Release|Any CPU
		{120B7949-971B-4114-B920-6A6C86CC177B}.Release|iPhoneSimulator.Deploy.0 = Release|Any CPU
		{120B7949-971B-4114-B920-6A6C86CC177B}.Release|x64.ActiveCfg = Release|Any CPU
		{120B7949-971B-4114-B920-6A6C86CC177B}.Release|x64.Build.0 = Release|Any CPU
		{120B7949-971B-4114-B920-6A6C86CC177B}.Release|x64.Deploy.0 = Release|Any CPU
		{120B7949-971B-4114-B920-6A6C86CC177B}.Release|x86.ActiveCfg = Release|Any CPU
		{120B7949-971B-4114-B920-6A6C86CC177B}.Release|x86.Build.0 = Release|Any CPU
		{120B7949-971B-4114-B920-6A6C86CC177B}.Release|x86.Deploy.0 = Release|Any CPU
		{211FBBDF-62F5-47A6-A8CC-26DAE68D16D0}.Ad-Hoc|Any CPU.ActiveCfg = Ad-Hoc|iPhoneSimulator
		{211FBBDF-62F5-47A6-A8CC-26DAE68D16D0}.Ad-Hoc|ARM.ActiveCfg = Ad-Hoc|iPhone
		{211FBBDF-62F5-47A6-A8CC-26DAE68D16D0}.Ad-Hoc|iPhone.ActiveCfg = Ad-Hoc|iPhone
		{211FBBDF-62F5-47A6-A8CC-26DAE68D16D0}.Ad-Hoc|iPhone.Build.0 = Ad-Hoc|iPhone
		{211FBBDF-62F5-47A6-A8CC-26DAE68D16D0}.Ad-Hoc|iPhoneSimulator.ActiveCfg = Ad-Hoc|iPhoneSimulator
		{211FBBDF-62F5-47A6-A8CC-26DAE68D16D0}.Ad-Hoc|iPhoneSimulator.Build.0 = Ad-Hoc|iPhoneSimulator
		{211FBBDF-62F5-47A6-A8CC-26DAE68D16D0}.Ad-Hoc|x64.ActiveCfg = Ad-Hoc|iPhone
		{211FBBDF-62F5-47A6-A8CC-26DAE68D16D0}.Ad-Hoc|x86.ActiveCfg = Ad-Hoc|iPhone
		{211FBBDF-62F5-47A6-A8CC-26DAE68D16D0}.AppStore|Any CPU.ActiveCfg = AppStore|iPhoneSimulator
		{211FBBDF-62F5-47A6-A8CC-26DAE68D16D0}.AppStore|ARM.ActiveCfg = AppStore|iPhone
		{211FBBDF-62F5-47A6-A8CC-26DAE68D16D0}.AppStore|iPhone.ActiveCfg = AppStore|iPhone
		{211FBBDF-62F5-47A6-A8CC-26DAE68D16D0}.AppStore|iPhone.Build.0 = AppStore|iPhone
		{211FBBDF-62F5-47A6-A8CC-26DAE68D16D0}.AppStore|iPhoneSimulator.ActiveCfg = AppStore|iPhoneSimulator
		{211FBBDF-62F5-47A6-A8CC-26DAE68D16D0}.AppStore|iPhoneSimulator.Build.0 = AppStore|iPhoneSimulator
		{211FBBDF-62F5-47A6-A8CC-26DAE68D16D0}.AppStore|x64.ActiveCfg = AppStore|iPhone
		{211FBBDF-62F5-47A6-A8CC-26DAE68D16D0}.AppStore|x86.ActiveCfg = AppStore|iPhone
		{211FBBDF-62F5-47A6-A8CC-26DAE68D16D0}.Debug|Any CPU.ActiveCfg = Debug|iPhoneSimulator
		{211FBBDF-62F5-47A6-A8CC-26DAE68D16D0}.Debug|ARM.ActiveCfg = Debug|iPhone
		{211FBBDF-62F5-47A6-A8CC-26DAE68D16D0}.Debug|iPhone.ActiveCfg = Debug|iPhone
		{211FBBDF-62F5-47A6-A8CC-26DAE68D16D0}.Debug|iPhone.Build.0 = Debug|iPhone
		{211FBBDF-62F5-47A6-A8CC-26DAE68D16D0}.Debug|iPhoneSimulator.ActiveCfg = Debug|iPhoneSimulator
		{211FBBDF-62F5-47A6-A8CC-26DAE68D16D0}.Debug|iPhoneSimulator.Build.0 = Debug|iPhoneSimulator
		{211FBBDF-62F5-47A6-A8CC-26DAE68D16D0}.Debug|x64.ActiveCfg = Debug|iPhone
		{211FBBDF-62F5-47A6-A8CC-26DAE68D16D0}.Debug|x86.ActiveCfg = Debug|iPhone
		{211FBBDF-62F5-47A6-A8CC-26DAE68D16D0}.Release|Any CPU.ActiveCfg = Release|iPhoneSimulator
		{211FBBDF-62F5-47A6-A8CC-26DAE68D16D0}.Release|ARM.ActiveCfg = Release|iPhone
		{211FBBDF-62F5-47A6-A8CC-26DAE68D16D0}.Release|iPhone.ActiveCfg = Release|iPhone
		{211FBBDF-62F5-47A6-A8CC-26DAE68D16D0}.Release|iPhone.Build.0 = Release|iPhone
		{211FBBDF-62F5-47A6-A8CC-26DAE68D16D0}.Release|iPhoneSimulator.ActiveCfg = Release|iPhoneSimulator
		{211FBBDF-62F5-47A6-A8CC-26DAE68D16D0}.Release|iPhoneSimulator.Build.0 = Release|iPhoneSimulator
		{211FBBDF-62F5-47A6-A8CC-26DAE68D16D0}.Release|x64.ActiveCfg = Release|iPhone
		{211FBBDF-62F5-47A6-A8CC-26DAE68D16D0}.Release|x86.ActiveCfg = Release|iPhone
		{7F5351DC-556F-4913-8B5C-78BDF998A950}.Ad-Hoc|Any CPU.ActiveCfg = Debug|Any CPU
		{7F5351DC-556F-4913-8B5C-78BDF998A950}.Ad-Hoc|Any CPU.Build.0 = Debug|Any CPU
		{7F5351DC-556F-4913-8B5C-78BDF998A950}.Ad-Hoc|ARM.ActiveCfg = Debug|Any CPU
		{7F5351DC-556F-4913-8B5C-78BDF998A950}.Ad-Hoc|ARM.Build.0 = Debug|Any CPU
		{7F5351DC-556F-4913-8B5C-78BDF998A950}.Ad-Hoc|iPhone.ActiveCfg = Debug|Any CPU
		{7F5351DC-556F-4913-8B5C-78BDF998A950}.Ad-Hoc|iPhone.Build.0 = Debug|Any CPU
		{7F5351DC-556F-4913-8B5C-78BDF998A950}.Ad-Hoc|iPhoneSimulator.ActiveCfg = Debug|Any CPU
		{7F5351DC-556F-4913-8B5C-78BDF998A950}.Ad-Hoc|iPhoneSimulator.Build.0 = Debug|Any CPU
		{7F5351DC-556F-4913-8B5C-78BDF998A950}.Ad-Hoc|x64.ActiveCfg = Debug|Any CPU
		{7F5351DC-556F-4913-8B5C-78BDF998A950}.Ad-Hoc|x64.Build.0 = Debug|Any CPU
		{7F5351DC-556F-4913-8B5C-78BDF998A950}.Ad-Hoc|x86.ActiveCfg = Debug|Any CPU
		{7F5351DC-556F-4913-8B5C-78BDF998A950}.Ad-Hoc|x86.Build.0 = Debug|Any CPU
		{7F5351DC-556F-4913-8B5C-78BDF998A950}.AppStore|Any CPU.ActiveCfg = Debug|Any CPU
		{7F5351DC-556F-4913-8B5C-78BDF998A950}.AppStore|Any CPU.Build.0 = Debug|Any CPU
		{7F5351DC-556F-4913-8B5C-78BDF998A950}.AppStore|ARM.ActiveCfg = Debug|Any CPU
		{7F5351DC-556F-4913-8B5C-78BDF998A950}.AppStore|ARM.Build.0 = Debug|Any CPU
		{7F5351DC-556F-4913-8B5C-78BDF998A950}.AppStore|iPhone.ActiveCfg = Debug|Any CPU
		{7F5351DC-556F-4913-8B5C-78BDF998A950}.AppStore|iPhone.Build.0 = Debug|Any CPU
		{7F5351DC-556F-4913-8B5C-78BDF998A950}.AppStore|iPhoneSimulator.ActiveCfg = Debug|Any CPU
		{7F5351DC-556F-4913-8B5C-78BDF998A950}.AppStore|iPhoneSimulator.Build.0 = Debug|Any CPU
		{7F5351DC-556F-4913-8B5C-78BDF998A950}.AppStore|x64.ActiveCfg = Debug|Any CPU
		{7F5351DC-556F-4913-8B5C-78BDF998A950}.AppStore|x64.Build.0 = Debug|Any CPU
		{7F5351DC-556F-4913-8B5C-78BDF998A950}.AppStore|x86.ActiveCfg = Debug|Any CPU
		{7F5351DC-556F-4913-8B5C-78BDF998A950}.AppStore|x86.Build.0 = Debug|Any CPU
		{7F5351DC-556F-4913-8B5C-78BDF998A950}.Debug|Any CPU.ActiveCfg = Debug|Any CPU
		{7F5351DC-556F-4913-8B5C-78BDF998A950}.Debug|Any CPU.Build.0 = Debug|Any CPU
		{7F5351DC-556F-4913-8B5C-78BDF998A950}.Debug|ARM.ActiveCfg = Debug|Any CPU
		{7F5351DC-556F-4913-8B5C-78BDF998A950}.Debug|ARM.Build.0 = Debug|Any CPU
		{7F5351DC-556F-4913-8B5C-78BDF998A950}.Debug|iPhone.ActiveCfg = Debug|Any CPU
		{7F5351DC-556F-4913-8B5C-78BDF998A950}.Debug|iPhone.Build.0 = Debug|Any CPU
		{7F5351DC-556F-4913-8B5C-78BDF998A950}.Debug|iPhoneSimulator.ActiveCfg = Debug|Any CPU
		{7F5351DC-556F-4913-8B5C-78BDF998A950}.Debug|iPhoneSimulator.Build.0 = Debug|Any CPU
		{7F5351DC-556F-4913-8B5C-78BDF998A950}.Debug|x64.ActiveCfg = Debug|Any CPU
		{7F5351DC-556F-4913-8B5C-78BDF998A950}.Debug|x64.Build.0 = Debug|Any CPU
		{7F5351DC-556F-4913-8B5C-78BDF998A950}.Debug|x86.ActiveCfg = Debug|Any CPU
		{7F5351DC-556F-4913-8B5C-78BDF998A950}.Debug|x86.Build.0 = Debug|Any CPU
		{7F5351DC-556F-4913-8B5C-78BDF998A950}.Release|Any CPU.ActiveCfg = Release|Any CPU
		{7F5351DC-556F-4913-8B5C-78BDF998A950}.Release|Any CPU.Build.0 = Release|Any CPU
		{7F5351DC-556F-4913-8B5C-78BDF998A950}.Release|ARM.ActiveCfg = Release|Any CPU
		{7F5351DC-556F-4913-8B5C-78BDF998A950}.Release|ARM.Build.0 = Release|Any CPU
		{7F5351DC-556F-4913-8B5C-78BDF998A950}.Release|iPhone.ActiveCfg = Release|Any CPU
		{7F5351DC-556F-4913-8B5C-78BDF998A950}.Release|iPhone.Build.0 = Release|Any CPU
		{7F5351DC-556F-4913-8B5C-78BDF998A950}.Release|iPhoneSimulator.ActiveCfg = Release|Any CPU
		{7F5351DC-556F-4913-8B5C-78BDF998A950}.Release|iPhoneSimulator.Build.0 = Release|Any CPU
		{7F5351DC-556F-4913-8B5C-78BDF998A950}.Release|x64.ActiveCfg = Release|Any CPU
		{7F5351DC-556F-4913-8B5C-78BDF998A950}.Release|x64.Build.0 = Release|Any CPU
		{7F5351DC-556F-4913-8B5C-78BDF998A950}.Release|x86.ActiveCfg = Release|Any CPU
		{7F5351DC-556F-4913-8B5C-78BDF998A950}.Release|x86.Build.0 = Release|Any CPU
	EndGlobalSection
	GlobalSection(SolutionProperties) = preSolution
		HideSolutionNode = FALSE
	EndGlobalSection
	GlobalSection(NestedProjects) = preSolution
		{120B7949-971B-4114-B920-6A6C86CC177B} = {36D7E4F4-BE24-48A4-8A97-E16F3F2ED73B}
		{211FBBDF-62F5-47A6-A8CC-26DAE68D16D0} = {36D7E4F4-BE24-48A4-8A97-E16F3F2ED73B}
	EndGlobalSection
	GlobalSection(ExtensibilityGlobals) = postSolution
		SolutionGuid = {42C13DB0-D031-4C2F-805C-845F5E55F5D9}
	EndGlobalSection
EndGlobal
